<?xml version="1.0" encoding="utf-8"?>
<Project xmlns="http://schemas.microsoft.com/developer/msbuild/2003" ToolsVersion="4.0">
  <ItemGroup>
    <ClInclude Include="server\g_local.hpp" />
    <ClInclude Include="server\gameplay\client_config.hpp" />
    <ClInclude Include="server\gameplay\g_statusbar.hpp" />
    <ClInclude Include="shared\bg_local.hpp">
      <Filter>shared</Filter>
    </ClInclude>
    <ClInclude Include="shared\char_array_utils.hpp">
      <Filter>shared</Filter>
    </ClInclude>
    <ClInclude Include="shared\map_validation.hpp">
      <Filter>shared</Filter>
    </ClInclude>
    <ClInclude Include="shared\string_compat.hpp">
      <Filter>shared</Filter>
    </ClInclude>
    <ClInclude Include="shared\version.hpp">
      <Filter>shared</Filter>
    </ClInclude>
    <ClInclude Include="shared\version_autogen.hpp">
      <Filter>shared</Filter>
    </ClInclude>
    <ClInclude Include="shared\weapon_pref_utils.hpp">
      <Filter>shared</Filter>
    </ClInclude>
    <ClInclude Include="fmt\args.h">
      <Filter>external\fmt</Filter>
    </ClInclude>
    <ClInclude Include="fmt\base.h">
      <Filter>external\fmt</Filter>
    </ClInclude>
    <ClInclude Include="fmt\chrono.h">
      <Filter>external\fmt</Filter>
    </ClInclude>
    <ClInclude Include="fmt\color.h">
      <Filter>external\fmt</Filter>
    </ClInclude>
    <ClInclude Include="fmt\compile.h">
      <Filter>external\fmt</Filter>
    </ClInclude>
    <ClInclude Include="fmt\core.h">
      <Filter>external\fmt</Filter>
    </ClInclude>
    <ClInclude Include="fmt\format-inl.h">
      <Filter>external\fmt</Filter>
    </ClInclude>
    <ClInclude Include="fmt\format.h">
      <Filter>external\fmt</Filter>
    </ClInclude>
    <ClInclude Include="fmt\os.h">
      <Filter>external\fmt</Filter>
    </ClInclude>
    <ClInclude Include="fmt\ostream.h">
      <Filter>external\fmt</Filter>
    </ClInclude>
    <ClInclude Include="fmt\printf.h">
      <Filter>external\fmt</Filter>
    </ClInclude>
    <ClInclude Include="fmt\ranges.h">
      <Filter>external\fmt</Filter>
    </ClInclude>
    <ClInclude Include="fmt\std.h">
      <Filter>external\fmt</Filter>
    </ClInclude>
    <ClInclude Include="fmt\xchar.h">
      <Filter>external\fmt</Filter>
    </ClInclude>
    <ClInclude Include="json\allocator.h">
      <Filter>external\json</Filter>
    </ClInclude>
    <ClInclude Include="json\assertions.h">
      <Filter>external\json</Filter>
    </ClInclude>
    <ClInclude Include="json\config.h">
      <Filter>external\json</Filter>
    </ClInclude>
    <ClInclude Include="json\forwards.h">
      <Filter>external\json</Filter>
    </ClInclude>
    <ClInclude Include="json\json.h">
      <Filter>external\json</Filter>
    </ClInclude>
    <ClInclude Include="json\json_features.h">
      <Filter>external\json</Filter>
    </ClInclude>
    <ClInclude Include="json\reader.h">
      <Filter>external\json</Filter>
    </ClInclude>
    <ClInclude Include="json\value.h">
      <Filter>external\json</Filter>
    </ClInclude>
    <ClInclude Include="json\version.h">
      <Filter>external\json</Filter>
    </ClInclude>
    <ClInclude Include="json\writer.h">
      <Filter>external\json</Filter>
    </ClInclude>
    <ClInclude Include="server\client\client_session_service_impl.hpp">
      <Filter>clients</Filter>
    </ClInclude>
    <ClInclude Include="server\client\client_stats_service.hpp">
      <Filter>clients</Filter>
    </ClInclude>
    <ClInclude Include="server\bots\bot_debug.hpp">
      <Filter>bots</Filter>
    </ClInclude>
    <ClInclude Include="server\bots\bot_exports.hpp">
      <Filter>bots</Filter>
    </ClInclude>
    <ClInclude Include="server\bots\bot_includes.hpp">
      <Filter>bots</Filter>
    </ClInclude>
    <ClInclude Include="server\bots\bot_think.hpp">
      <Filter>bots</Filter>
    </ClInclude>
    <ClInclude Include="server\bots\bot_utils.hpp">
      <Filter>bots</Filter>
    </ClInclude>
    <ClInclude Include="server\monsters\m_actor.hpp">
      <Filter>monsters</Filter>
    </ClInclude>
    <ClInclude Include="server\monsters\m_arachnid.hpp">
      <Filter>monsters</Filter>
    </ClInclude>
    <ClInclude Include="server\monsters\m_berserk.hpp">
      <Filter>monsters</Filter>
    </ClInclude>
    <ClInclude Include="server\monsters\m_hornet.hpp">
      <Filter>monsters</Filter>
    </ClInclude>
    <ClInclude Include="server\monsters\m_jorg.hpp">
      <Filter>monsters</Filter>
    </ClInclude>
    <ClInclude Include="server\monsters\m_makron.hpp">
      <Filter>monsters</Filter>
    </ClInclude>
    <ClInclude Include="server\monsters\m_brain.hpp">
      <Filter>monsters</Filter>
    </ClInclude>
    <ClInclude Include="server\monsters\m_carrier.hpp">
      <Filter>monsters</Filter>
    </ClInclude>
    <ClInclude Include="server\monsters\m_chick.hpp">
      <Filter>monsters</Filter>
    </ClInclude>
    <ClInclude Include="server\monsters\m_fixbot.hpp">
      <Filter>monsters</Filter>
    </ClInclude>
    <ClInclude Include="server\monsters\m_flash.hpp">
      <Filter>monsters</Filter>
    </ClInclude>
    <ClInclude Include="server\monsters\m_shark.hpp">
      <Filter>monsters</Filter>
    </ClInclude>
    <ClInclude Include="server\monsters\m_float.hpp">
      <Filter>monsters</Filter>
    </ClInclude>
    <ClInclude Include="server\monsters\m_flyer.hpp">
      <Filter>monsters</Filter>
    </ClInclude>
    <ClInclude Include="server\monsters\m_gekk.hpp">
      <Filter>monsters</Filter>
    </ClInclude>
    <ClInclude Include="server\monsters\m_gladiator.hpp">
      <Filter>monsters</Filter>
    </ClInclude>
    <ClInclude Include="server\monsters\m_guardian.hpp">
      <Filter>monsters</Filter>
    </ClInclude>
    <ClInclude Include="server\monsters\m_gunner.hpp">
      <Filter>monsters</Filter>
    </ClInclude>
    <ClInclude Include="server\monsters\m_hover.hpp">
      <Filter>monsters</Filter>
    </ClInclude>
    <ClInclude Include="server\monsters\m_infantry.hpp">
      <Filter>monsters</Filter>
    </ClInclude>
    <ClInclude Include="server\monsters\m_insane.hpp">
      <Filter>monsters</Filter>
    </ClInclude>
    <ClInclude Include="server\monsters\m_medic.hpp">
      <Filter>monsters</Filter>
    </ClInclude>
    <ClInclude Include="server\monsters\m_mutant.hpp">
      <Filter>monsters</Filter>
    </ClInclude>
    <ClInclude Include="server\monsters\m_parasite.hpp">
      <Filter>monsters</Filter>
    </ClInclude>
    <ClInclude Include="server\monsters\m_player.hpp">
      <Filter>monsters</Filter>
    </ClInclude>
    <ClInclude Include="server\monsters\m_rider.hpp">
      <Filter>monsters</Filter>
    </ClInclude>
    <ClInclude Include="server\monsters\m_shambler.hpp">
      <Filter>monsters</Filter>
    </ClInclude>
    <ClInclude Include="server\monsters\m_soldier.hpp">
      <Filter>monsters</Filter>
    </ClInclude>
    <ClInclude Include="server\monsters\m_stalker.hpp">
      <Filter>monsters</Filter>
    </ClInclude>
    <ClInclude Include="server\monsters\m_supertank.hpp">
      <Filter>monsters</Filter>
    </ClInclude>
    <ClInclude Include="server\monsters\m_tank.hpp">
      <Filter>monsters</Filter>
    </ClInclude>
    <ClInclude Include="server\monsters\m_turret.hpp">
      <Filter>monsters</Filter>
    </ClInclude>
    <ClInclude Include="server\monsters\m_widow.hpp">
      <Filter>monsters</Filter>
    </ClInclude>
    <ClInclude Include="server\monsters\m_widow2.hpp">
      <Filter>monsters</Filter>
    </ClInclude>
    <ClInclude Include="server\monsters\m_wyvern.hpp">
      <Filter>monsters</Filter>
    </ClInclude>
    <ClInclude Include="server\monsters\m_dog.hpp">
      <Filter>monsters</Filter>
    </ClInclude>
    <ClInclude Include="server\monsters\m_ogre.hpp">
      <Filter>monsters</Filter>
    </ClInclude>
    <ClInclude Include="server\monsters\m_eel.hpp">
      <Filter>monsters</Filter>
    </ClInclude>
    <ClInclude Include="server\monsters\m_rotfish.hpp">
      <Filter>monsters</Filter>
    </ClInclude>
    <ClInclude Include="server\monsters\m_grunt.hpp">
      <Filter>monsters</Filter>
    </ClInclude>
    <ClInclude Include="server\monsters\m_fiend.hpp">
      <Filter>monsters</Filter>
    </ClInclude>
    <ClInclude Include="server\monsters\m_zombie.hpp">
      <Filter>monsters</Filter>
    </ClInclude>
    <ClInclude Include="server\monsters\m_spawn.hpp">
      <Filter>monsters</Filter>
    </ClInclude>
    <ClInclude Include="server\monsters\m_overlord.hpp">
      <Filter>monsters</Filter>
    </ClInclude>
    <ClInclude Include="server\monsters\m_spike.hpp">
      <Filter>monsters</Filter>
    </ClInclude>
    <ClInclude Include="server\monsters\m_vore.hpp">
      <Filter>monsters</Filter>
    </ClInclude>
    <ClInclude Include="server\monsters\m_wrath.hpp">
      <Filter>monsters</Filter>
    </ClInclude>
    <ClInclude Include="server\monsters\m_enforcer.hpp">
      <Filter>monsters</Filter>
    </ClInclude>
    <ClInclude Include="server\monsters\m_hellknight.hpp">
      <Filter>monsters</Filter>
    </ClInclude>
    <ClInclude Include="server\monsters\m_knight.hpp">
      <Filter>monsters</Filter>
    </ClInclude>
    <ClInclude Include="server\monsters\m_sword.hpp">
      <Filter>monsters</Filter>
    </ClInclude>
    <ClInclude Include="server\monsters\m_shub.hpp">
      <Filter>monsters</Filter>
    </ClInclude>
    <ClInclude Include="server\monsters\m_chthon.hpp">
      <Filter>monsters</Filter>
    </ClInclude>
    <ClInclude Include="server\monsters\m_centroid.hpp">
      <Filter>monsters</Filter>
    </ClInclude>
    <ClInclude Include="server\monsters\m_dragon.hpp">
      <Filter>monsters</Filter>
    </ClInclude>
    <ClInclude Include="server\monsters\m_scrag.hpp">
      <Filter>monsters</Filter>
    </ClInclude>
    <ClInclude Include="server\monsters\q1_support.hpp">
      <Filter>monsters</Filter>
    </ClInclude>
    <ClInclude Include="server\commands\command_registration.hpp">
      <Filter>commands</Filter>
    </ClInclude>
    <ClInclude Include="server\commands\commands.hpp">
      <Filter>commands</Filter>
    </ClInclude>
    <ClInclude Include="server\commands\command_system.hpp">
      <Filter>commands</Filter>
    </ClInclude>
    <ClInclude Include="server\commands\command_voting.hpp">
      <Filter>commands</Filter>
    </ClInclude>
    <ClInclude Include="server\commands\command_voting_utils.hpp">
      <Filter>commands</Filter>
    </ClInclude>
    <ClInclude Include="server\match\match.hpp">
      <Filter>matches</Filter>
    </ClInclude>
    <ClInclude Include="server\match\match_state_helper.hpp">
      <Filter>matches</Filter>
    </ClInclude>
    <ClInclude Include="server\match\match_state_utils.hpp">
      <Filter>matches</Filter>
    </ClInclude>
    <ClInclude Include="client\cg_local.hpp">
      <Filter>cgame</Filter>
    </ClInclude>
    <ClInclude Include="shared\q_vec3.hpp">
      <Filter>shared</Filter>
    </ClInclude>
    <ClInclude Include="shared\q_std.hpp">
      <Filter>shared</Filter>
    </ClInclude>
    <ClInclude Include="shared\game.hpp">
      <Filter>shared</Filter>
    </ClInclude>
    <ClInclude Include="shared\bg_local.hpp">
      <Filter>shared</Filter>
    </ClInclude>
    <ClInclude Include="shared\version.hpp">
      <Filter>shared</Filter>
    </ClInclude>
    <ClInclude Include="server\gameplay\g_headhunters.hpp">
      <Filter>matches</Filter>
    </ClInclude>
    <ClInclude Include="server\gameplay\g_capture.hpp">
      <Filter>matches</Filter>
    </ClInclude>
    <ClInclude Include="server\gameplay\g_harvester.hpp">
      <Filter>matches</Filter>
    </ClInclude>
    <ClInclude Include="shared\logger.hpp" />
  </ItemGroup>
  <ItemGroup>
    <ClCompile Include="server\gameplay\g_combat.cpp" />
    <ClCompile Include="server\gameplay\g_main.cpp" />
    <ClCompile Include="server\gameplay\g_misc.cpp" />
    <ClCompile Include="server\gameplay\g_save.cpp" />
    <ClCompile Include="server\gameplay\g_svcmds.cpp" />
    <ClCompile Include="server\gameplay\g_utilities.cpp" />
    <ClCompile Include="server\gameplay\g_weapon.cpp" />
    <ClCompile Include="server\bots\bot_debug.cpp">
      <Filter>bots</Filter>
    </ClCompile>
    <ClCompile Include="server\bots\bot_exports.cpp">
      <Filter>bots</Filter>
    </ClCompile>
    <ClCompile Include="server\bots\bot_think.cpp">
      <Filter>bots</Filter>
    </ClCompile>
    <ClCompile Include="server\bots\bot_utils.cpp">
      <Filter>bots</Filter>
    </ClCompile>
    <ClCompile Include="server\monsters\m_actor.cpp">
      <Filter>monsters</Filter>
    </ClCompile>
    <ClCompile Include="server\monsters\m_arachnid.cpp">
      <Filter>monsters</Filter>
    </ClCompile>
    <ClCompile Include="server\monsters\m_berserk.cpp">
      <Filter>monsters</Filter>
    </ClCompile>
    <ClCompile Include="server\monsters\m_hornet.cpp">
      <Filter>monsters</Filter>
    </ClCompile>
    <ClCompile Include="server\monsters\m_jorg.cpp">
      <Filter>monsters</Filter>
    </ClCompile>
    <ClCompile Include="server\monsters\m_makron.cpp">
      <Filter>monsters</Filter>
    </ClCompile>
    <ClCompile Include="server\monsters\m_brain.cpp">
      <Filter>monsters</Filter>
    </ClCompile>
    <ClCompile Include="server\monsters\m_carrier.cpp">
      <Filter>monsters</Filter>
    </ClCompile>
    <ClCompile Include="server\monsters\m_chick.cpp">
      <Filter>monsters</Filter>
    </ClCompile>
    <ClCompile Include="server\monsters\m_fixbot.cpp">
      <Filter>monsters</Filter>
    </ClCompile>
    <ClCompile Include="server\monsters\m_shark.cpp">
      <Filter>monsters</Filter>
    </ClCompile>
    <ClCompile Include="server\monsters\m_float.cpp">
      <Filter>monsters</Filter>
    </ClCompile>
    <ClCompile Include="server\monsters\m_flyer.cpp">
      <Filter>monsters</Filter>
    </ClCompile>
    <ClCompile Include="server\monsters\m_gekk.cpp">
      <Filter>monsters</Filter>
    </ClCompile>
    <ClCompile Include="server\monsters\m_gladiator.cpp">
      <Filter>monsters</Filter>
    </ClCompile>
    <ClCompile Include="server\monsters\m_guardian.cpp">
      <Filter>monsters</Filter>
    </ClCompile>
    <ClCompile Include="server\monsters\m_guncmdr.cpp">
      <Filter>monsters</Filter>
    </ClCompile>
    <ClCompile Include="server\monsters\m_gunner.cpp">
      <Filter>monsters</Filter>
    </ClCompile>
    <ClCompile Include="server\monsters\m_hover.cpp">
      <Filter>monsters</Filter>
    </ClCompile>
    <ClCompile Include="server\monsters\m_infantry.cpp">
      <Filter>monsters</Filter>
    </ClCompile>
    <ClCompile Include="server\monsters\m_insane.cpp">
      <Filter>monsters</Filter>
    </ClCompile>
    <ClCompile Include="server\monsters\m_medic.cpp">
      <Filter>monsters</Filter>
    </ClCompile>
    <ClCompile Include="server\monsters\m_move.cpp">
      <Filter>monsters</Filter>
    </ClCompile>
    <ClCompile Include="server\monsters\m_mutant.cpp">
      <Filter>monsters</Filter>
    </ClCompile>
    <ClCompile Include="server\monsters\m_parasite.cpp">
      <Filter>monsters</Filter>
    </ClCompile>
    <ClCompile Include="server\monsters\m_shambler.cpp">
      <Filter>monsters</Filter>
    </ClCompile>
    <ClCompile Include="server\monsters\m_soldier.cpp">
      <Filter>monsters</Filter>
    </ClCompile>
    <ClCompile Include="server\monsters\m_stalker.cpp">
      <Filter>monsters</Filter>
    </ClCompile>
    <ClCompile Include="server\monsters\m_supertank.cpp">
      <Filter>monsters</Filter>
    </ClCompile>
    <ClCompile Include="server\monsters\m_tank.cpp">
      <Filter>monsters</Filter>
    </ClCompile>
    <ClCompile Include="server\monsters\m_turret.cpp">
      <Filter>monsters</Filter>
    </ClCompile>
    <ClCompile Include="server\monsters\m_widow.cpp">
      <Filter>monsters</Filter>
    </ClCompile>
    <ClCompile Include="server\monsters\m_widow2.cpp">
      <Filter>monsters</Filter>
    </ClCompile>
    <ClCompile Include="server\monsters\m_wyvern.cpp">
      <Filter>monsters</Filter>
    </ClCompile>
    <ClCompile Include="server\gameplay\g_map_manager.cpp" />
    <ClCompile Include="server\menu\menu_page_admin.cpp">
      <Filter>menu</Filter>
    </ClCompile>
    <ClCompile Include="server\menu\menu_page_callvote.cpp">
      <Filter>menu</Filter>
    </ClCompile>
    <ClCompile Include="server\menu\menu_page_hostinfo.cpp">
      <Filter>menu</Filter>
    </ClCompile>
    <ClCompile Include="server\menu\menu_page_mymap.cpp">
      <Filter>menu</Filter>
    </ClCompile>
    <ClCompile Include="server\menu\menu_page_welcome.cpp">
      <Filter>menu</Filter>
    </ClCompile>
    <ClCompile Include="server\menu\menu_page_mapselector.cpp">
      <Filter>menu</Filter>
    </ClCompile>
    <ClCompile Include="server\menu\menu_page_matchinfo.cpp">
      <Filter>menu</Filter>
    </ClCompile>
    <ClCompile Include="server\menu\menu_page_matchstats.cpp">
      <Filter>menu</Filter>
    </ClCompile>
    <ClCompile Include="server\menu\menu_page_voting.cpp">
      <Filter>menu</Filter>
    </ClCompile>
    <ClCompile Include="server\menu\menu_main.cpp">
      <Filter>menu</Filter>
    </ClCompile>
    <ClCompile Include="server\menu\menu_system.cpp">
      <Filter>menu</Filter>
    </ClCompile>
    <ClCompile Include="server\menu\menu_page_setup.cpp">
      <Filter>menu</Filter>
    </ClCompile>
    <ClCompile Include="server\gameplay\g_combat_heatmap.cpp" />
    <ClCompile Include="server\monsters\m_dog.cpp">
      <Filter>monsters</Filter>
    </ClCompile>
    <ClCompile Include="server\monsters\m_ogre.cpp">
      <Filter>monsters</Filter>
    </ClCompile>
    <ClCompile Include="server\monsters\m_rotfish.cpp">
      <Filter>monsters</Filter>
    </ClCompile>
    <ClCompile Include="server\monsters\m_eel.cpp">
      <Filter>monsters</Filter>
    </ClCompile>
    <ClCompile Include="server\monsters\m_grunt.cpp">
      <Filter>monsters</Filter>
    </ClCompile>
    <ClCompile Include="server\monsters\m_fiend.cpp">
      <Filter>monsters</Filter>
    </ClCompile>
    <ClCompile Include="server\monsters\m_zombie.cpp">
      <Filter>monsters</Filter>
    </ClCompile>
    <ClCompile Include="server\monsters\m_spawn.cpp">
      <Filter>monsters</Filter>
    </ClCompile>
    <ClCompile Include="server\monsters\m_overlord.cpp">
      <Filter>monsters</Filter>
    </ClCompile>
    <ClCompile Include="server\monsters\m_spike.cpp">
      <Filter>monsters</Filter>
    </ClCompile>
    <ClCompile Include="server\monsters\m_vore.cpp">
      <Filter>monsters</Filter>
    </ClCompile>
    <ClCompile Include="server\monsters\m_wrath.cpp">
      <Filter>monsters</Filter>
    </ClCompile>
    <ClCompile Include="server\monsters\m_enforcer.cpp">
      <Filter>monsters</Filter>
    </ClCompile>
    <ClCompile Include="server\monsters\m_hellknight.cpp">
      <Filter>monsters</Filter>
    </ClCompile>
    <ClCompile Include="server\monsters\m_knight.cpp">
      <Filter>monsters</Filter>
    </ClCompile>
    <ClCompile Include="server\monsters\m_sword.cpp">
      <Filter>monsters</Filter>
    </ClCompile>
    <ClCompile Include="server\monsters\m_shub.cpp">
      <Filter>monsters</Filter>
    </ClCompile>
    <ClCompile Include="server\monsters\m_chthon.cpp">
      <Filter>monsters</Filter>
    </ClCompile>
    <ClCompile Include="server\monsters\m_centroid.cpp">
      <Filter>monsters</Filter>
    </ClCompile>
    <ClCompile Include="server\monsters\m_dragon.cpp">
      <Filter>monsters</Filter>
    </ClCompile>
    <ClCompile Include="server\monsters\m_scrag.cpp">
      <Filter>monsters</Filter>
    </ClCompile>
    <ClCompile Include="server\monsters\q1_support.cpp">
      <Filter>monsters</Filter>
    </ClCompile>
    <ClCompile Include="server\gameplay\g_spawn_points.cpp" />
    <ClCompile Include="server\commands\command_admin.cpp">
      <Filter>commands</Filter>
    </ClCompile>
    <ClCompile Include="server\commands\command_cheats.cpp">
      <Filter>commands</Filter>
    </ClCompile>
    <ClCompile Include="server\commands\command_client.cpp">
      <Filter>commands</Filter>
    </ClCompile>
    <ClCompile Include="server\commands\command_system.cpp">
      <Filter>commands</Filter>
    </ClCompile>
    <ClCompile Include="server\commands\command_voting.cpp">
      <Filter>commands</Filter>
    </ClCompile>
    <ClCompile Include="server\match\match_logging.cpp">
      <Filter>matches</Filter>
    </ClCompile>
    <ClCompile Include="server\match\match_state.cpp">
      <Filter>matches</Filter>
    </ClCompile>
    <ClCompile Include="server\gameplay\g_ai.cpp">
      <Filter>ai</Filter>
    </ClCompile>
    <ClCompile Include="server\gameplay\g_ai_new.cpp">
      <Filter>ai</Filter>
    </ClCompile>
    <ClCompile Include="server\gameplay\g_monster_spawn.cpp">
      <Filter>ai</Filter>
    </ClCompile>
    <ClCompile Include="server\gameplay\g_monster.cpp">
      <Filter>ai</Filter>
    </ClCompile>
    <ClCompile Include="client\cg_screen.cpp">
      <Filter>cgame</Filter>
    </ClCompile>
    <ClCompile Include="client\cg_main.cpp">
      <Filter>cgame</Filter>
    </ClCompile>
    <ClCompile Include="server\client\client_stats_service.cpp">
      <Filter>clients</Filter>
    </ClCompile>
    <ClCompile Include="server\client\client_session_service_impl.cpp">
      <Filter>clients</Filter>
    </ClCompile>
    <ClCompile Include="server\player\p_client.cpp">
      <Filter>clients</Filter>
    </ClCompile>
    <ClCompile Include="server\player\p_hud_main.cpp">
      <Filter>clients</Filter>
    </ClCompile>
    <ClCompile Include="server\player\p_hud_scoreboard.cpp">
      <Filter>clients</Filter>
    </ClCompile>
    <ClCompile Include="server\player\p_move.cpp">
      <Filter>clients</Filter>
    </ClCompile>
    <ClCompile Include="server\player\p_trail.cpp">
      <Filter>clients</Filter>
    </ClCompile>
    <ClCompile Include="server\player\p_view.cpp">
      <Filter>clients</Filter>
    </ClCompile>
    <ClCompile Include="server\player\p_weapon.cpp">
      <Filter>clients</Filter>
    </ClCompile>
    <ClCompile Include="server\gameplay\g_clients.cpp">
      <Filter>clients</Filter>
    </ClCompile>
    <ClCompile Include="server\gameplay\g_client_cfg.cpp">
      <Filter>clients</Filter>
    </ClCompile>
    <ClCompile Include="server\gameplay\g_turret.cpp">
      <Filter>world</Filter>
    </ClCompile>
    <ClCompile Include="server\gameplay\g_trigger.cpp">
      <Filter>world</Filter>
    </ClCompile>
    <ClCompile Include="server\gameplay\g_target.cpp">
      <Filter>world</Filter>
    </ClCompile>
    <ClCompile Include="server\gameplay\g_spawn.cpp">
      <Filter>world</Filter>
    </ClCompile>
    <ClCompile Include="server\gameplay\g_statusbar.cpp">
      <Filter>world</Filter>
    </ClCompile>
    <ClCompile Include="server\gameplay\g_items.cpp">
      <Filter>world</Filter>
    </ClCompile>
    <ClCompile Include="server\gameplay\g_item_list.cpp">
      <Filter>world</Filter>
    </ClCompile>
    <ClCompile Include="server\gameplay\g_func.cpp">
      <Filter>world</Filter>
    </ClCompile>
    <ClCompile Include="server\gameplay\g_headhunters.cpp">
      <Filter>matches</Filter>
    </ClCompile>
    <ClCompile Include="server\gameplay\g_horde.cpp">
      <Filter>matches</Filter>
    </ClCompile>
    <ClCompile Include="server\gameplay\g_phys.cpp">
      <Filter>world</Filter>
    </ClCompile>
    <ClCompile Include="server\q_std.cpp">
      <Filter>shared</Filter>
    </ClCompile>
    <ClCompile Include="server\gameplay\g_spectator.cpp">
      <Filter>matches</Filter>
    </ClCompile>
    <ClCompile Include="server\gameplay\g_proball.cpp">
      <Filter>matches</Filter>
    </ClCompile>
    <ClCompile Include="server\gameplay\g_domination.cpp">
      <Filter>matches</Filter>
    </ClCompile>
    <ClCompile Include="server\gameplay\g_domination.cpp">
      <Filter>matches</Filter>
    </ClCompile>
    <ClCompile Include="server\gameplay\g_harvester.cpp">
      <Filter>matches</Filter>
    </ClCompile>
    <ClCompile Include="server\gameplay\g_capture.cpp">
      <Filter>matches</Filter>
    </ClCompile>
    <ClCompile Include="server\gameplay\g_teamplay.cpp">
      <Filter>matches</Filter>
    </ClCompile>
    <ClCompile Include="format.cc" />
    <ClCompile Include="os.cc" />
    <ClCompile Include="shared\logger.cpp" />
  </ItemGroup>
  <ItemGroup>
    <Filter Include="bots">
      <UniqueIdentifier>{185665ce-b604-4d9a-b22b-02a83797d112}</UniqueIdentifier>
    </Filter>
    <Filter Include="monsters">
      <UniqueIdentifier>{14e9d741-abb2-49e4-ad94-ca4aee1ffa62}</UniqueIdentifier>
    </Filter>
    <Filter Include="menu">
      <UniqueIdentifier>{4edcbabc-5d0b-4aa6-bc36-bfe9bcb6f9e5}</UniqueIdentifier>
    </Filter>
    <Filter Include="commands">
      <UniqueIdentifier>{c39401cc-cb9a-4041-97a4-eb429a55caff}</UniqueIdentifier>
    </Filter>
    <Filter Include="matches">
      <UniqueIdentifier>{724bba1f-6c6d-43c3-82c0-517a4b423fac}</UniqueIdentifier>
    </Filter>
    <Filter Include="ai">
      <UniqueIdentifier>{3a72a31d-f872-4424-b979-647160f64a6a}</UniqueIdentifier>
    </Filter>
    <Filter Include="cgame">
      <UniqueIdentifier>{4a5c42ec-d0a8-43f3-b547-e88afabd3560}</UniqueIdentifier>
    </Filter>
    <Filter Include="clients">
      <UniqueIdentifier>{04755837-2de8-45b5-9c3b-4e5e222b15ea}</UniqueIdentifier>
    </Filter>
    <Filter Include="world">
      <UniqueIdentifier>{58bed540-cc20-41a8-84f0-a63dc53b0061}</UniqueIdentifier>
    </Filter>
    <Filter Include="shared">
      <UniqueIdentifier>{3266378f-a3e5-4bcd-a249-ecd26ad921a9}</UniqueIdentifier>
    </Filter>
    <Filter Include="external">
      <UniqueIdentifier>{08f06e40-7543-4ca7-947b-d5e8cb7eeb1b}</UniqueIdentifier>
    </Filter>
    <Filter Include="external\fmt">
      <UniqueIdentifier>{1ae14261-df3e-4d17-b4c8-3a30741330c7}</UniqueIdentifier>
    </Filter>
    <Filter Include="external\json">
      <UniqueIdentifier>{7e3f8dfd-d927-4cf2-a763-c2b8425f2ec6}</UniqueIdentifier>
    </Filter>
  </ItemGroup>
</Project>
